
Microsoft Visual Studio Solution File, Format Version 12.00
# Visual Studio Version 17
VisualStudioVersion = 17.0.31903.59
MinimumVisualStudioVersion = 10.0.40219.1
Project("{2150E333-8FDC-42A3-9474-1A3956D46DE8}") = "Kafka", "Kafka", "{5427864B-EFAD-49D3-B264-B4BF865A1BF5}"
EndProject
Project("{2150E333-8FDC-42A3-9474-1A3956D46DE8}") = "examples", "examples", "{54C9D525-841D-41D4-8DFB-21ADBB1ABE95}"
EndProject
Project("{2150E333-8FDC-42A3-9474-1A3956D46DE8}") = "tests", "tests", "{2C78253B-CB31-4D46-AF3C-4D495E4864E7}"
EndProject
Project("{FAE04EC0-301F-11D3-BF4B-00C04F79EFBC}") = "ResilientQ.Consumer.Kafka", "Kafka\ResilientQ.Consumer.Kafka\ResilientQ.Consumer.Kafka.csproj", "{7618EBDB-133C-4198-8DD3-4F2887647629}"
EndProject
Project("{FAE04EC0-301F-11D3-BF4B-00C04F79EFBC}") = "Example.Console", "Kafka\examples\Example.Console\Example.Console.csproj", "{F0D21AA8-4A57-44F3-9B32-33E45FC96430}"
EndProject
Project("{FAE04EC0-301F-11D3-BF4B-00C04F79EFBC}") = "Weather.Contracts", "Kafka\examples\Weather.Contracts\Weather.Contracts.csproj", "{25AAB0D5-DF0B-4906-9D10-B9B9CAEBFB13}"
EndProject
Project("{FAE04EC0-301F-11D3-BF4B-00C04F79EFBC}") = "Weather.Consumer", "Kafka\examples\Weather.Consumer\Weather.Consumer.csproj", "{3A647CC9-4883-41DF-A784-0D9D9F61335A}"
EndProject
Project("{FAE04EC0-301F-11D3-BF4B-00C04F79EFBC}") = "ResilientQ.Consumer.Kafka.Tests.AppHost", "Kafka\tests\ResilientQ.Consumer.Kafka.Tests.AppHost\ResilientQ.Consumer.Kafka.Tests.AppHost.csproj", "{C977ED64-7EA6-438C-ADF3-0844DDCC348A}"
EndProject
Project("{FAE04EC0-301F-11D3-BF4B-00C04F79EFBC}") = "ResilientQ.Consumer.Kafka.Tests.Unit", "Kafka\tests\ResilientQ.Consumer.Kafka.Tests.Unit\ResilientQ.Consumer.Kafka.Tests.Unit.csproj", "{87873CC9-BC90-4651-A0F6-217DDCB0B0EA}"
EndProject
Project("{FAE04EC0-301F-11D3-BF4B-00C04F79EFBC}") = "ResilientQ.Consumer.Kafka.Tests.Integration", "Kafka\tests\ResilientQ.Consumer.Kafka.Tests.Integration\ResilientQ.Consumer.Kafka.Tests.Integration.csproj", "{F065CECF-F923-4B7D-B95F-E8AD44CCCAA5}"
EndProject
Global
	GlobalSection(SolutionConfigurationPlatforms) = preSolution
		Debug|Any CPU = Debug|Any CPU
		Debug|x64 = Debug|x64
		Debug|x86 = Debug|x86
		Release|Any CPU = Release|Any CPU
		Release|x64 = Release|x64
		Release|x86 = Release|x86
	EndGlobalSection
	GlobalSection(ProjectConfigurationPlatforms) = postSolution
		{7618EBDB-133C-4198-8DD3-4F2887647629}.Debug|Any CPU.ActiveCfg = Debug|Any CPU
		{7618EBDB-133C-4198-8DD3-4F2887647629}.Debug|Any CPU.Build.0 = Debug|Any CPU
		{7618EBDB-133C-4198-8DD3-4F2887647629}.Debug|x64.ActiveCfg = Debug|Any CPU
		{7618EBDB-133C-4198-8DD3-4F2887647629}.Debug|x64.Build.0 = Debug|Any CPU
		{7618EBDB-133C-4198-8DD3-4F2887647629}.Debug|x86.ActiveCfg = Debug|Any CPU
		{7618EBDB-133C-4198-8DD3-4F2887647629}.Debug|x86.Build.0 = Debug|Any CPU
		{7618EBDB-133C-4198-8DD3-4F2887647629}.Release|Any CPU.ActiveCfg = Release|Any CPU
		{7618EBDB-133C-4198-8DD3-4F2887647629}.Release|Any CPU.Build.0 = Release|Any CPU
		{7618EBDB-133C-4198-8DD3-4F2887647629}.Release|x64.ActiveCfg = Release|Any CPU
		{7618EBDB-133C-4198-8DD3-4F2887647629}.Release|x64.Build.0 = Release|Any CPU
		{7618EBDB-133C-4198-8DD3-4F2887647629}.Release|x86.ActiveCfg = Release|Any CPU
		{7618EBDB-133C-4198-8DD3-4F2887647629}.Release|x86.Build.0 = Release|Any CPU
		{F0D21AA8-4A57-44F3-9B32-33E45FC96430}.Debug|Any CPU.ActiveCfg = Debug|Any CPU
		{F0D21AA8-4A57-44F3-9B32-33E45FC96430}.Debug|Any CPU.Build.0 = Debug|Any CPU
		{F0D21AA8-4A57-44F3-9B32-33E45FC96430}.Debug|x64.ActiveCfg = Debug|Any CPU
		{F0D21AA8-4A57-44F3-9B32-33E45FC96430}.Debug|x64.Build.0 = Debug|Any CPU
		{F0D21AA8-4A57-44F3-9B32-33E45FC96430}.Debug|x86.ActiveCfg = Debug|Any CPU
		{F0D21AA8-4A57-44F3-9B32-33E45FC96430}.Debug|x86.Build.0 = Debug|Any CPU
		{F0D21AA8-4A57-44F3-9B32-33E45FC96430}.Release|Any CPU.ActiveCfg = Release|Any CPU
		{F0D21AA8-4A57-44F3-9B32-33E45FC96430}.Release|Any CPU.Build.0 = Release|Any CPU
		{F0D21AA8-4A57-44F3-9B32-33E45FC96430}.Release|x64.ActiveCfg = Release|Any CPU
		{F0D21AA8-4A57-44F3-9B32-33E45FC96430}.Release|x64.Build.0 = Release|Any CPU
		{F0D21AA8-4A57-44F3-9B32-33E45FC96430}.Release|x86.ActiveCfg = Release|Any CPU
		{F0D21AA8-4A57-44F3-9B32-33E45FC96430}.Release|x86.Build.0 = Release|Any CPU
		{25AAB0D5-DF0B-4906-9D10-B9B9CAEBFB13}.Debug|Any CPU.ActiveCfg = Debug|Any CPU
		{25AAB0D5-DF0B-4906-9D10-B9B9CAEBFB13}.Debug|Any CPU.Build.0 = Debug|Any CPU
		{25AAB0D5-DF0B-4906-9D10-B9B9CAEBFB13}.Debug|x64.ActiveCfg = Debug|Any CPU
		{25AAB0D5-DF0B-4906-9D10-B9B9CAEBFB13}.Debug|x64.Build.0 = Debug|Any CPU
		{25AAB0D5-DF0B-4906-9D10-B9B9CAEBFB13}.Debug|x86.ActiveCfg = Debug|Any CPU
		{25AAB0D5-DF0B-4906-9D10-B9B9CAEBFB13}.Debug|x86.Build.0 = Debug|Any CPU
		{25AAB0D5-DF0B-4906-9D10-B9B9CAEBFB13}.Release|Any CPU.ActiveCfg = Release|Any CPU
		{25AAB0D5-DF0B-4906-9D10-B9B9CAEBFB13}.Release|Any CPU.Build.0 = Release|Any CPU
		{25AAB0D5-DF0B-4906-9D10-B9B9CAEBFB13}.Release|x64.ActiveCfg = Release|Any CPU
		{25AAB0D5-DF0B-4906-9D10-B9B9CAEBFB13}.Release|x64.Build.0 = Release|Any CPU
		{25AAB0D5-DF0B-4906-9D10-B9B9CAEBFB13}.Release|x86.ActiveCfg = Release|Any CPU
		{25AAB0D5-DF0B-4906-9D10-B9B9CAEBFB13}.Release|x86.Build.0 = Release|Any CPU
		{3A647CC9-4883-41DF-A784-0D9D9F61335A}.Debug|Any CPU.ActiveCfg = Debug|Any CPU
		{3A647CC9-4883-41DF-A784-0D9D9F61335A}.Debug|Any CPU.Build.0 = Debug|Any CPU
		{3A647CC9-4883-41DF-A784-0D9D9F61335A}.Debug|x64.ActiveCfg = Debug|Any CPU
		{3A647CC9-4883-41DF-A784-0D9D9F61335A}.Debug|x64.Build.0 = Debug|Any CPU
		{3A647CC9-4883-41DF-A784-0D9D9F61335A}.Debug|x86.ActiveCfg = Debug|Any CPU
		{3A647CC9-4883-41DF-A784-0D9D9F61335A}.Debug|x86.Build.0 = Debug|Any CPU
		{3A647CC9-4883-41DF-A784-0D9D9F61335A}.Release|Any CPU.ActiveCfg = Release|Any CPU
		{3A647CC9-4883-41DF-A784-0D9D9F61335A}.Release|Any CPU.Build.0 = Release|Any CPU
		{3A647CC9-4883-41DF-A784-0D9D9F61335A}.Release|x64.ActiveCfg = Release|Any CPU
		{3A647CC9-4883-41DF-A784-0D9D9F61335A}.Release|x64.Build.0 = Release|Any CPU
		{3A647CC9-4883-41DF-A784-0D9D9F61335A}.Release|x86.ActiveCfg = Release|Any CPU
		{3A647CC9-4883-41DF-A784-0D9D9F61335A}.Release|x86.Build.0 = Release|Any CPU
		{C977ED64-7EA6-438C-ADF3-0844DDCC348A}.Debug|Any CPU.ActiveCfg = Debug|Any CPU
		{C977ED64-7EA6-438C-ADF3-0844DDCC348A}.Debug|Any CPU.Build.0 = Debug|Any CPU
		{C977ED64-7EA6-438C-ADF3-0844DDCC348A}.Debug|x64.ActiveCfg = Debug|Any CPU
		{C977ED64-7EA6-438C-ADF3-0844DDCC348A}.Debug|x64.Build.0 = Debug|Any CPU
		{C977ED64-7EA6-438C-ADF3-0844DDCC348A}.Debug|x86.ActiveCfg = Debug|Any CPU
		{C977ED64-7EA6-438C-ADF3-0844DDCC348A}.Debug|x86.Build.0 = Debug|Any CPU
		{C977ED64-7EA6-438C-ADF3-0844DDCC348A}.Release|Any CPU.ActiveCfg = Release|Any CPU
		{C977ED64-7EA6-438C-ADF3-0844DDCC348A}.Release|Any CPU.Build.0 = Release|Any CPU
		{C977ED64-7EA6-438C-ADF3-0844DDCC348A}.Release|x64.ActiveCfg = Release|Any CPU
		{C977ED64-7EA6-438C-ADF3-0844DDCC348A}.Release|x64.Build.0 = Release|Any CPU
		{C977ED64-7EA6-438C-ADF3-0844DDCC348A}.Release|x86.ActiveCfg = Release|Any CPU
		{C977ED64-7EA6-438C-ADF3-0844DDCC348A}.Release|x86.Build.0 = Release|Any CPU
		{87873CC9-BC90-4651-A0F6-217DDCB0B0EA}.Debug|Any CPU.ActiveCfg = Debug|Any CPU
		{87873CC9-BC90-4651-A0F6-217DDCB0B0EA}.Debug|Any CPU.Build.0 = Debug|Any CPU
		{87873CC9-BC90-4651-A0F6-217DDCB0B0EA}.Debug|x64.ActiveCfg = Debug|Any CPU
		{87873CC9-BC90-4651-A0F6-217DDCB0B0EA}.Debug|x64.Build.0 = Debug|Any CPU
		{87873CC9-BC90-4651-A0F6-217DDCB0B0EA}.Debug|x86.ActiveCfg = Debug|Any CPU
		{87873CC9-BC90-4651-A0F6-217DDCB0B0EA}.Debug|x86.Build.0 = Debug|Any CPU
		{87873CC9-BC90-4651-A0F6-217DDCB0B0EA}.Release|Any CPU.ActiveCfg = Release|Any CPU
		{87873CC9-BC90-4651-A0F6-217DDCB0B0EA}.Release|Any CPU.Build.0 = Release|Any CPU
		{87873CC9-BC90-4651-A0F6-217DDCB0B0EA}.Release|x64.ActiveCfg = Release|Any CPU
		{87873CC9-BC90-4651-A0F6-217DDCB0B0EA}.Release|x64.Build.0 = Release|Any CPU
		{87873CC9-BC90-4651-A0F6-217DDCB0B0EA}.Release|x86.ActiveCfg = Release|Any CPU
		{87873CC9-BC90-4651-A0F6-217DDCB0B0EA}.Release|x86.Build.0 = Release|Any CPU
		{F065CECF-F923-4B7D-B95F-E8AD44CCCAA5}.Debug|Any CPU.ActiveCfg = Debug|Any CPU
		{F065CECF-F923-4B7D-B95F-E8AD44CCCAA5}.Debug|Any CPU.Build.0 = Debug|Any CPU
		{F065CECF-F923-4B7D-B95F-E8AD44CCCAA5}.Debug|x64.ActiveCfg = Debug|Any CPU
		{F065CECF-F923-4B7D-B95F-E8AD44CCCAA5}.Debug|x64.Build.0 = Debug|Any CPU
		{F065CECF-F923-4B7D-B95F-E8AD44CCCAA5}.Debug|x86.ActiveCfg = Debug|Any CPU
		{F065CECF-F923-4B7D-B95F-E8AD44CCCAA5}.Debug|x86.Build.0 = Debug|Any CPU
		{F065CECF-F923-4B7D-B95F-E8AD44CCCAA5}.Release|Any CPU.ActiveCfg = Release|Any CPU
		{F065CECF-F923-4B7D-B95F-E8AD44CCCAA5}.Release|Any CPU.Build.0 = Release|Any CPU
		{F065CECF-F923-4B7D-B95F-E8AD44CCCAA5}.Release|x64.ActiveCfg = Release|Any CPU
		{F065CECF-F923-4B7D-B95F-E8AD44CCCAA5}.Release|x64.Build.0 = Release|Any CPU
		{F065CECF-F923-4B7D-B95F-E8AD44CCCAA5}.Release|x86.ActiveCfg = Release|Any CPU
		{F065CECF-F923-4B7D-B95F-E8AD44CCCAA5}.Release|x86.Build.0 = Release|Any CPU
	EndGlobalSection
	GlobalSection(SolutionProperties) = preSolution
		HideSolutionNode = FALSE
	EndGlobalSection
	GlobalSection(NestedProjects) = preSolution
		{54C9D525-841D-41D4-8DFB-21ADBB1ABE95} = {5427864B-EFAD-49D3-B264-B4BF865A1BF5}
		{2C78253B-CB31-4D46-AF3C-4D495E4864E7} = {5427864B-EFAD-49D3-B264-B4BF865A1BF5}
		{7618EBDB-133C-4198-8DD3-4F2887647629} = {5427864B-EFAD-49D3-B264-B4BF865A1BF5}
		{F0D21AA8-4A57-44F3-9B32-33E45FC96430} = {54C9D525-841D-41D4-8DFB-21ADBB1ABE95}
		{25AAB0D5-DF0B-4906-9D10-B9B9CAEBFB13} = {54C9D525-841D-41D4-8DFB-21ADBB1ABE95}
		{3A647CC9-4883-41DF-A784-0D9D9F61335A} = {54C9D525-841D-41D4-8DFB-21ADBB1ABE95}
		{C977ED64-7EA6-438C-ADF3-0844DDCC348A} = {2C78253B-CB31-4D46-AF3C-4D495E4864E7}
		{87873CC9-BC90-4651-A0F6-217DDCB0B0EA} = {2C78253B-CB31-4D46-AF3C-4D495E4864E7}
		{F065CECF-F923-4B7D-B95F-E8AD44CCCAA5} = {2C78253B-CB31-4D46-AF3C-4D495E4864E7}
	EndGlobalSection
EndGlobal
